
Microsoft Visual Studio Solution File, Format Version 12.00
Project("{FAE04EC0-301F-11D3-BF4B-00C04F79EFBC}") = "webapp.API", "webapp.API\webapp.API.csproj", "{5D886035-2048-4A93-ADBA-08624B1390AD}"
EndProject
Project("{FAE04EC0-301F-11D3-BF4B-00C04F79EFBC}") = "webapp.Contracts", "webapp.Contracts\webapp.Contracts.csproj", "{5D11FADC-C359-4DB5-810B-35A5D10F26DD}"
EndProject
Project("{FAE04EC0-301F-11D3-BF4B-00C04F79EFBC}") = "webapp.Domain", "webapp.Domain\webapp.Domain.csproj", "{0C7EAD46-3427-43A4-8263-C73C57144DEC}"
EndProject
Project("{FAE04EC0-301F-11D3-BF4B-00C04F79EFBC}") = "webapp.Infrastructure", "webapp.Infrastructure\webapp.Infrastructure.csproj", "{848B9308-9A46-4A3A-86E9-2B708ED3FF83}"
EndProject
Project("{FAE04EC0-301F-11D3-BF4B-00C04F79EFBC}") = "webapp.Application", "webapp.Application\webapp.Application.csproj", "{CCA5648C-F72C-40F6-9DB9-0D32304C0C68}"
EndProject
Project("{FAE04EC0-301F-11D3-BF4B-00C04F79EFBC}") = "webapp.ApplicationTests", "tests\webapp.ApplicationTests\webapp.ApplicationTests.csproj", "{E1D8073F-ECAF-47DA-99E2-4EE935D64237}"
EndProject
Project("{FAE04EC0-301F-11D3-BF4B-00C04F79EFBC}") = "webapp.APITests", "tests\webapp.APITests\webapp.APITests.csproj", "{F019F665-EA2F-4EBC-A24B-0070ADC4FCBB}"
EndProject
Global
	GlobalSection(SolutionConfigurationPlatforms) = preSolution
		Debug|Any CPU = Debug|Any CPU
		Release|Any CPU = Release|Any CPU
	EndGlobalSection
	GlobalSection(ProjectConfigurationPlatforms) = postSolution
		{5D886035-2048-4A93-ADBA-08624B1390AD}.Debug|Any CPU.ActiveCfg = Debug|Any CPU
		{5D886035-2048-4A93-ADBA-08624B1390AD}.Debug|Any CPU.Build.0 = Debug|Any CPU
		{5D886035-2048-4A93-ADBA-08624B1390AD}.Release|Any CPU.ActiveCfg = Release|Any CPU
		{5D886035-2048-4A93-ADBA-08624B1390AD}.Release|Any CPU.Build.0 = Release|Any CPU
		{5D11FADC-C359-4DB5-810B-35A5D10F26DD}.Debug|Any CPU.ActiveCfg = Debug|Any CPU
		{5D11FADC-C359-4DB5-810B-35A5D10F26DD}.Debug|Any CPU.Build.0 = Debug|Any CPU
		{5D11FADC-C359-4DB5-810B-35A5D10F26DD}.Release|Any CPU.ActiveCfg = Release|Any CPU
		{5D11FADC-C359-4DB5-810B-35A5D10F26DD}.Release|Any CPU.Build.0 = Release|Any CPU
		{0C7EAD46-3427-43A4-8263-C73C57144DEC}.Debug|Any CPU.ActiveCfg = Debug|Any CPU
		{0C7EAD46-3427-43A4-8263-C73C57144DEC}.Debug|Any CPU.Build.0 = Debug|Any CPU
		{0C7EAD46-3427-43A4-8263-C73C57144DEC}.Release|Any CPU.ActiveCfg = Release|Any CPU
		{0C7EAD46-3427-43A4-8263-C73C57144DEC}.Release|Any CPU.Build.0 = Release|Any CPU
		{848B9308-9A46-4A3A-86E9-2B708ED3FF83}.Debug|Any CPU.ActiveCfg = Debug|Any CPU
		{848B9308-9A46-4A3A-86E9-2B708ED3FF83}.Debug|Any CPU.Build.0 = Debug|Any CPU
		{848B9308-9A46-4A3A-86E9-2B708ED3FF83}.Release|Any CPU.ActiveCfg = Release|Any CPU
		{848B9308-9A46-4A3A-86E9-2B708ED3FF83}.Release|Any CPU.Build.0 = Release|Any CPU
		{CCA5648C-F72C-40F6-9DB9-0D32304C0C68}.Debug|Any CPU.ActiveCfg = Debug|Any CPU
		{CCA5648C-F72C-40F6-9DB9-0D32304C0C68}.Debug|Any CPU.Build.0 = Debug|Any CPU
		{CCA5648C-F72C-40F6-9DB9-0D32304C0C68}.Release|Any CPU.ActiveCfg = Release|Any CPU
		{CCA5648C-F72C-40F6-9DB9-0D32304C0C68}.Release|Any CPU.Build.0 = Release|Any CPU
		{E1D8073F-ECAF-47DA-99E2-4EE935D64237}.Debug|Any CPU.ActiveCfg = Debug|Any CPU
		{E1D8073F-ECAF-47DA-99E2-4EE935D64237}.Debug|Any CPU.Build.0 = Debug|Any CPU
		{E1D8073F-ECAF-47DA-99E2-4EE935D64237}.Release|Any CPU.ActiveCfg = Release|Any CPU
		{E1D8073F-ECAF-47DA-99E2-4EE935D64237}.Release|Any CPU.Build.0 = Release|Any CPU
		{F019F665-EA2F-4EBC-A24B-0070ADC4FCBB}.Debug|Any CPU.ActiveCfg = Debug|Any CPU
		{F019F665-EA2F-4EBC-A24B-0070ADC4FCBB}.Debug|Any CPU.Build.0 = Debug|Any CPU
		{F019F665-EA2F-4EBC-A24B-0070ADC4FCBB}.Release|Any CPU.ActiveCfg = Release|Any CPU
		{F019F665-EA2F-4EBC-A24B-0070ADC4FCBB}.Release|Any CPU.Build.0 = Release|Any CPU
	EndGlobalSection
EndGlobal
