
Microsoft Visual Studio Solution File, Format Version 12.00
Project("{FAE04EC0-301F-11D3-BF4B-00C04F79EFBC}") = "webapp.API", "webapp.API\webapp.API.csproj", "{5D886035-2048-4A93-ADBA-08624B1390AD}"
EndProject
Global
	GlobalSection(SolutionConfigurationPlatforms) = preSolution
		Debug|Any CPU = Debug|Any CPU
		Release|Any CPU = Release|Any CPU
	EndGlobalSection
	GlobalSection(ProjectConfigurationPlatforms) = postSolution
		{5D886035-2048-4A93-ADBA-08624B1390AD}.Debug|Any CPU.ActiveCfg = Debug|Any CPU
		{5D886035-2048-4A93-ADBA-08624B1390AD}.Debug|Any CPU.Build.0 = Debug|Any CPU
		{5D886035-2048-4A93-ADBA-08624B1390AD}.Release|Any CPU.ActiveCfg = Release|Any CPU
		{5D886035-2048-4A93-ADBA-08624B1390AD}.Release|Any CPU.Build.0 = Release|Any CPU
	EndGlobalSection
EndGlobal
